
Microsoft Visual Studio Solution File, Format Version 12.00
# Visual Studio 15
VisualStudioVersion = 15.0.27130.2027
MinimumVisualStudioVersion = 10.0.40219.1
Project("{FAE04EC0-301F-11D3-BF4B-00C04F79EFBC}") = "Planets", "Planets\Planets.csproj", "{FDFB14EC-F166-4ED8-A3B5-ECAAC50BDB28}"
EndProject
Global
	GlobalSection(SolutionConfigurationPlatforms) = preSolution
		Debug|Any CPU = Debug|Any CPU
		Release|Any CPU = Release|Any CPU
	EndGlobalSection
	GlobalSection(ProjectConfigurationPlatforms) = postSolution
		{FDFB14EC-F166-4ED8-A3B5-ECAAC50BDB28}.Debug|Any CPU.ActiveCfg = Debug|Any CPU
		{FDFB14EC-F166-4ED8-A3B5-ECAAC50BDB28}.Debug|Any CPU.Build.0 = Debug|Any CPU
		{FDFB14EC-F166-4ED8-A3B5-ECAAC50BDB28}.Release|Any CPU.ActiveCfg = Release|Any CPU
		{FDFB14EC-F166-4ED8-A3B5-ECAAC50BDB28}.Release|Any CPU.Build.0 = Release|Any CPU
	EndGlobalSection
	GlobalSection(SolutionProperties) = preSolution
		HideSolutionNode = FALSE
	EndGlobalSection
	GlobalSection(ExtensibilityGlobals) = postSolution
		SolutionGuid = {987F5A46-EC67-4277-8231-0D36C449DAF2}
	EndGlobalSection
EndGlobal
